
Microsoft Visual Studio Solution File, Format Version 12.00
# Visual Studio Version 16
VisualStudioVersion = 16.0.29609.76
MinimumVisualStudioVersion = 10.0.40219.1
Project("{FAE04EC0-301F-11D3-BF4B-00C04F79EFBC}") = "CRM", "CRM\CRM.csproj", "{10CB42BC-544B-4710-B1A9-B01463F10B1C}"
EndProject
Global
	GlobalSection(SolutionConfigurationPlatforms) = preSolution
		Debug|Any CPU = Debug|Any CPU
		Release|Any CPU = Release|Any CPU
	EndGlobalSection
	GlobalSection(ProjectConfigurationPlatforms) = postSolution
		{10CB42BC-544B-4710-B1A9-B01463F10B1C}.Debug|Any CPU.ActiveCfg = Debug|Any CPU
		{10CB42BC-544B-4710-B1A9-B01463F10B1C}.Debug|Any CPU.Build.0 = Debug|Any CPU
		{10CB42BC-544B-4710-B1A9-B01463F10B1C}.Release|Any CPU.ActiveCfg = Release|Any CPU
		{10CB42BC-544B-4710-B1A9-B01463F10B1C}.Release|Any CPU.Build.0 = Release|Any CPU
	EndGlobalSection
	GlobalSection(SolutionProperties) = preSolution
		HideSolutionNode = FALSE
	EndGlobalSection
	GlobalSection(ExtensibilityGlobals) = postSolution
		SolutionGuid = {8F8ED507-4358-47CA-97E9-D2B47A030879}
	EndGlobalSection
EndGlobal
